
Microsoft Visual Studio Solution File, Format Version 12.00
# Visual Studio 15
VisualStudioVersion = 15.0.27520.0
MinimumVisualStudioVersion = 10.0.40219.1
Project("{FAE04EC0-301F-11D3-BF4B-00C04F79EFBC}") = "ASPNETBlazorCRUDApp.Server", "ASPNETBlazorCRUDApp\ASPNETBlazorCRUDApp.Server\ASPNETBlazorCRUDApp.Server.csproj", "{DDD07763-1710-4E54-A611-664B52F629BB}"
EndProject
Project("{FAE04EC0-301F-11D3-BF4B-00C04F79EFBC}") = "ASPNETBlazorCRUDApp.Client", "ASPNETBlazorCRUDApp\ASPNETBlazorCRUDApp.Client\ASPNETBlazorCRUDApp.Client.csproj", "{F891B195-4A61-4874-9F76-4154450B4BE4}"
EndProject
Project("{FAE04EC0-301F-11D3-BF4B-00C04F79EFBC}") = "ASPNETBlazorCRUDApp.Shared", "ASPNETBlazorCRUDApp\ASPNETBlazorCRUDApp.Shared\ASPNETBlazorCRUDApp.Shared.csproj", "{9BF9C9BE-B696-47E2-BDF5-6417B852174B}"
EndProject
Global
	GlobalSection(SolutionConfigurationPlatforms) = preSolution
		Debug|Any CPU = Debug|Any CPU
		Release|Any CPU = Release|Any CPU
	EndGlobalSection
	GlobalSection(ProjectConfigurationPlatforms) = postSolution
		{DDD07763-1710-4E54-A611-664B52F629BB}.Debug|Any CPU.ActiveCfg = Debug|Any CPU
		{DDD07763-1710-4E54-A611-664B52F629BB}.Debug|Any CPU.Build.0 = Debug|Any CPU
		{DDD07763-1710-4E54-A611-664B52F629BB}.Release|Any CPU.ActiveCfg = Release|Any CPU
		{DDD07763-1710-4E54-A611-664B52F629BB}.Release|Any CPU.Build.0 = Release|Any CPU
		{F891B195-4A61-4874-9F76-4154450B4BE4}.Debug|Any CPU.ActiveCfg = Debug|Any CPU
		{F891B195-4A61-4874-9F76-4154450B4BE4}.Debug|Any CPU.Build.0 = Debug|Any CPU
		{F891B195-4A61-4874-9F76-4154450B4BE4}.Release|Any CPU.ActiveCfg = Release|Any CPU
		{F891B195-4A61-4874-9F76-4154450B4BE4}.Release|Any CPU.Build.0 = Release|Any CPU
		{9BF9C9BE-B696-47E2-BDF5-6417B852174B}.Debug|Any CPU.ActiveCfg = Debug|Any CPU
		{9BF9C9BE-B696-47E2-BDF5-6417B852174B}.Debug|Any CPU.Build.0 = Debug|Any CPU
		{9BF9C9BE-B696-47E2-BDF5-6417B852174B}.Release|Any CPU.ActiveCfg = Release|Any CPU
		{9BF9C9BE-B696-47E2-BDF5-6417B852174B}.Release|Any CPU.Build.0 = Release|Any CPU
	EndGlobalSection
	GlobalSection(SolutionProperties) = preSolution
		HideSolutionNode = FALSE
	EndGlobalSection
	GlobalSection(ExtensibilityGlobals) = postSolution
		SolutionGuid = {CE1AE786-1F7D-43F8-8940-8D1819CD69FC}
	EndGlobalSection
EndGlobal
